
Microsoft Visual Studio Solution File, Format Version 12.00
# Visual Studio 15
VisualStudioVersion = 15.0.26124.0
MinimumVisualStudioVersion = 15.0.26124.0
Project("{2150E333-8FDC-42A3-9474-1A3956D46DE8}") = "src", "src", "{68EA3A2A-220D-4F5D-A06E-E042F2509E0C}"
EndProject
Project("{9A19103F-16F7-4668-BE54-9A1E7A4F7556}") = "GhabzeTo.Domain.Core", "src\GhabzeTo.Domain.Core\GhabzeTo.Domain.Core.csproj", "{414116E1-24DD-412D-8ECC-D91DD9408F31}"
EndProject
Project("{2150E333-8FDC-42A3-9474-1A3956D46DE8}") = "Domain", "Domain", "{36B6A040-9C91-11E9-B3AE-EB64DF0AAFF1}"
EndProject
Project("{9A19103F-16F7-4668-BE54-9A1E7A4F7556}") = "GhabzeTo.Domain", "src\GhabzeTo.Domain\GhabzeTo.Domain.csproj", "{847756ED-6E3A-42D4-8994-C52292BCE4EE}"
EndProject
Project("{2150E333-8FDC-42A3-9474-1A3956D46DE8}") = "Infra", "Infra", "{31AEB6E1-E481-4361-A780-533AAFC99DBF}"
EndProject
Project("{9A19103F-16F7-4668-BE54-9A1E7A4F7556}") = "GhabzeTo.Infra.Resources", "src\GhabzeTo.Infra.Resources\GhabzeTo.Infra.Resources.csproj", "{C891FF33-8BAD-46C9-BAC3-0FB6069AAA8F}"
EndProject
Project("{9A19103F-16F7-4668-BE54-9A1E7A4F7556}") = "GhabzeTo.Infra.Data.Core", "src\GhabzeTo.Infra.Data.Core\GhabzeTo.Infra.Data.Core.csproj", "{B4398A86-A4AA-4FCA-8D7D-2DB30D66F918}"
EndProject
Project("{9A19103F-16F7-4668-BE54-9A1E7A4F7556}") = "GhabzeTo.Infra.Data.EF", "src\GhabzeTo.Infra.Data.EF\GhabzeTo.Infra.Data.EF.csproj", "{68B0331B-BD41-4B80-A37A-AFB4128384E5}"
EndProject
Project("{2150E333-8FDC-42A3-9474-1A3956D46DE8}") = "Common", "Common", "{799BCE2E-0A93-41C4-A4E8-4F8F095E7010}"
EndProject
Project("{9A19103F-16F7-4668-BE54-9A1E7A4F7556}") = "GhabzeTo.Common", "src\GhabzeTo.Common\GhabzeTo.Common.csproj", "{1ACA1F70-429A-497E-81D4-CF94F0AD87D3}"
EndProject
Project("{2150E333-8FDC-42A3-9474-1A3956D46DE8}") = "Application", "Application", "{7F1401A7-320E-498B-BEB9-1730EDE4FA89}"
EndProject
Project("{9A19103F-16F7-4668-BE54-9A1E7A4F7556}") = "GhabzeTo.Infra.CrossCutting.Identity", "src\GhabzeTo.Infra.CrossCutting.Identity\GhabzeTo.Infra.CrossCutting.Identity.csproj", "{2951E28E-68A1-4FFE-97AA-DE45A6645B0F}"
EndProject
Project("{9A19103F-16F7-4668-BE54-9A1E7A4F7556}") = "GhabzeTo.Infra.CrossCutting.IoC", "src\GhabzeTo.Infra.CrossCutting.IoC\GhabzeTo.Infra.CrossCutting.IoC.csproj", "{057E0216-F1AC-423F-A85A-AA49525991E1}"
EndProject
Project("{9A19103F-16F7-4668-BE54-9A1E7A4F7556}") = "GhabzeTo.Application", "src\GhabzeTo.Application\GhabzeTo.Application.csproj", "{2B9AD3BB-ECFB-4FA6-B1C2-5BF63F1BC41D}"
EndProject
Project("{2150E333-8FDC-42A3-9474-1A3956D46DE8}") = "Services", "Services", "{F2A8C2CD-9FF2-4334-AA58-56ED193AF454}"
EndProject
Project("{9A19103F-16F7-4668-BE54-9A1E7A4F7556}") = "GhabzeTo.Services.Api", "src\GhabzeTo.Services.Api\GhabzeTo.Services.Api.csproj", "{8AC82D84-75ED-4FD7-BA5F-B47870696799}"
EndProject
Project("{2150E333-8FDC-42A3-9474-1A3956D46DE8}") = "test", "test", "{65A5BBED-AF00-4E7A-819C-E8E91F84C798}"
EndProject
Project("{9A19103F-16F7-4668-BE54-9A1E7A4F7556}") = "GhabzeTo.Application.Core", "src\GhabzeTo.Application.Core\GhabzeTo.Application.Core.csproj", "{1AAEC2A8-7481-4331-B77A-03599DE81772}"
EndProject
Global
	GlobalSection(SolutionConfigurationPlatforms) = preSolution
		Debug|Any CPU = Debug|Any CPU
		Debug|x64 = Debug|x64
		Debug|x86 = Debug|x86
		Release|Any CPU = Release|Any CPU
		Release|x64 = Release|x64
		Release|x86 = Release|x86
	EndGlobalSection
	GlobalSection(ProjectConfigurationPlatforms) = postSolution
		{414116E1-24DD-412D-8ECC-D91DD9408F31}.Debug|Any CPU.ActiveCfg = Debug|Any CPU
		{414116E1-24DD-412D-8ECC-D91DD9408F31}.Debug|Any CPU.Build.0 = Debug|Any CPU
		{414116E1-24DD-412D-8ECC-D91DD9408F31}.Debug|x64.ActiveCfg = Debug|Any CPU
		{414116E1-24DD-412D-8ECC-D91DD9408F31}.Debug|x64.Build.0 = Debug|Any CPU
		{414116E1-24DD-412D-8ECC-D91DD9408F31}.Debug|x86.ActiveCfg = Debug|Any CPU
		{414116E1-24DD-412D-8ECC-D91DD9408F31}.Debug|x86.Build.0 = Debug|Any CPU
		{414116E1-24DD-412D-8ECC-D91DD9408F31}.Release|Any CPU.ActiveCfg = Release|Any CPU
		{414116E1-24DD-412D-8ECC-D91DD9408F31}.Release|Any CPU.Build.0 = Release|Any CPU
		{414116E1-24DD-412D-8ECC-D91DD9408F31}.Release|x64.ActiveCfg = Release|Any CPU
		{414116E1-24DD-412D-8ECC-D91DD9408F31}.Release|x64.Build.0 = Release|Any CPU
		{414116E1-24DD-412D-8ECC-D91DD9408F31}.Release|x86.ActiveCfg = Release|Any CPU
		{414116E1-24DD-412D-8ECC-D91DD9408F31}.Release|x86.Build.0 = Release|Any CPU
		{847756ED-6E3A-42D4-8994-C52292BCE4EE}.Debug|Any CPU.ActiveCfg = Debug|Any CPU
		{847756ED-6E3A-42D4-8994-C52292BCE4EE}.Debug|Any CPU.Build.0 = Debug|Any CPU
		{847756ED-6E3A-42D4-8994-C52292BCE4EE}.Debug|x64.ActiveCfg = Debug|Any CPU
		{847756ED-6E3A-42D4-8994-C52292BCE4EE}.Debug|x64.Build.0 = Debug|Any CPU
		{847756ED-6E3A-42D4-8994-C52292BCE4EE}.Debug|x86.ActiveCfg = Debug|Any CPU
		{847756ED-6E3A-42D4-8994-C52292BCE4EE}.Debug|x86.Build.0 = Debug|Any CPU
		{847756ED-6E3A-42D4-8994-C52292BCE4EE}.Release|Any CPU.ActiveCfg = Release|Any CPU
		{847756ED-6E3A-42D4-8994-C52292BCE4EE}.Release|Any CPU.Build.0 = Release|Any CPU
		{847756ED-6E3A-42D4-8994-C52292BCE4EE}.Release|x64.ActiveCfg = Release|Any CPU
		{847756ED-6E3A-42D4-8994-C52292BCE4EE}.Release|x64.Build.0 = Release|Any CPU
		{847756ED-6E3A-42D4-8994-C52292BCE4EE}.Release|x86.ActiveCfg = Release|Any CPU
		{847756ED-6E3A-42D4-8994-C52292BCE4EE}.Release|x86.Build.0 = Release|Any CPU
		{C891FF33-8BAD-46C9-BAC3-0FB6069AAA8F}.Debug|Any CPU.ActiveCfg = Debug|Any CPU
		{C891FF33-8BAD-46C9-BAC3-0FB6069AAA8F}.Debug|Any CPU.Build.0 = Debug|Any CPU
		{C891FF33-8BAD-46C9-BAC3-0FB6069AAA8F}.Debug|x64.ActiveCfg = Debug|Any CPU
		{C891FF33-8BAD-46C9-BAC3-0FB6069AAA8F}.Debug|x64.Build.0 = Debug|Any CPU
		{C891FF33-8BAD-46C9-BAC3-0FB6069AAA8F}.Debug|x86.ActiveCfg = Debug|Any CPU
		{C891FF33-8BAD-46C9-BAC3-0FB6069AAA8F}.Debug|x86.Build.0 = Debug|Any CPU
		{C891FF33-8BAD-46C9-BAC3-0FB6069AAA8F}.Release|Any CPU.ActiveCfg = Release|Any CPU
		{C891FF33-8BAD-46C9-BAC3-0FB6069AAA8F}.Release|Any CPU.Build.0 = Release|Any CPU
		{C891FF33-8BAD-46C9-BAC3-0FB6069AAA8F}.Release|x64.ActiveCfg = Release|Any CPU
		{C891FF33-8BAD-46C9-BAC3-0FB6069AAA8F}.Release|x64.Build.0 = Release|Any CPU
		{C891FF33-8BAD-46C9-BAC3-0FB6069AAA8F}.Release|x86.ActiveCfg = Release|Any CPU
		{C891FF33-8BAD-46C9-BAC3-0FB6069AAA8F}.Release|x86.Build.0 = Release|Any CPU
		{B4398A86-A4AA-4FCA-8D7D-2DB30D66F918}.Debug|Any CPU.ActiveCfg = Debug|Any CPU
		{B4398A86-A4AA-4FCA-8D7D-2DB30D66F918}.Debug|Any CPU.Build.0 = Debug|Any CPU
		{B4398A86-A4AA-4FCA-8D7D-2DB30D66F918}.Debug|x64.ActiveCfg = Debug|Any CPU
		{B4398A86-A4AA-4FCA-8D7D-2DB30D66F918}.Debug|x64.Build.0 = Debug|Any CPU
		{B4398A86-A4AA-4FCA-8D7D-2DB30D66F918}.Debug|x86.ActiveCfg = Debug|Any CPU
		{B4398A86-A4AA-4FCA-8D7D-2DB30D66F918}.Debug|x86.Build.0 = Debug|Any CPU
		{B4398A86-A4AA-4FCA-8D7D-2DB30D66F918}.Release|Any CPU.ActiveCfg = Release|Any CPU
		{B4398A86-A4AA-4FCA-8D7D-2DB30D66F918}.Release|Any CPU.Build.0 = Release|Any CPU
		{B4398A86-A4AA-4FCA-8D7D-2DB30D66F918}.Release|x64.ActiveCfg = Release|Any CPU
		{B4398A86-A4AA-4FCA-8D7D-2DB30D66F918}.Release|x64.Build.0 = Release|Any CPU
		{B4398A86-A4AA-4FCA-8D7D-2DB30D66F918}.Release|x86.ActiveCfg = Release|Any CPU
		{B4398A86-A4AA-4FCA-8D7D-2DB30D66F918}.Release|x86.Build.0 = Release|Any CPU
		{68B0331B-BD41-4B80-A37A-AFB4128384E5}.Debug|Any CPU.ActiveCfg = Debug|Any CPU
		{68B0331B-BD41-4B80-A37A-AFB4128384E5}.Debug|Any CPU.Build.0 = Debug|Any CPU
		{68B0331B-BD41-4B80-A37A-AFB4128384E5}.Debug|x64.ActiveCfg = Debug|Any CPU
		{68B0331B-BD41-4B80-A37A-AFB4128384E5}.Debug|x64.Build.0 = Debug|Any CPU
		{68B0331B-BD41-4B80-A37A-AFB4128384E5}.Debug|x86.ActiveCfg = Debug|Any CPU
		{68B0331B-BD41-4B80-A37A-AFB4128384E5}.Debug|x86.Build.0 = Debug|Any CPU
		{68B0331B-BD41-4B80-A37A-AFB4128384E5}.Release|Any CPU.ActiveCfg = Release|Any CPU
		{68B0331B-BD41-4B80-A37A-AFB4128384E5}.Release|Any CPU.Build.0 = Release|Any CPU
		{68B0331B-BD41-4B80-A37A-AFB4128384E5}.Release|x64.ActiveCfg = Release|Any CPU
		{68B0331B-BD41-4B80-A37A-AFB4128384E5}.Release|x64.Build.0 = Release|Any CPU
		{68B0331B-BD41-4B80-A37A-AFB4128384E5}.Release|x86.ActiveCfg = Release|Any CPU
		{68B0331B-BD41-4B80-A37A-AFB4128384E5}.Release|x86.Build.0 = Release|Any CPU
		{1ACA1F70-429A-497E-81D4-CF94F0AD87D3}.Debug|Any CPU.ActiveCfg = Debug|Any CPU
		{1ACA1F70-429A-497E-81D4-CF94F0AD87D3}.Debug|Any CPU.Build.0 = Debug|Any CPU
		{1ACA1F70-429A-497E-81D4-CF94F0AD87D3}.Debug|x64.ActiveCfg = Debug|Any CPU
		{1ACA1F70-429A-497E-81D4-CF94F0AD87D3}.Debug|x64.Build.0 = Debug|Any CPU
		{1ACA1F70-429A-497E-81D4-CF94F0AD87D3}.Debug|x86.ActiveCfg = Debug|Any CPU
		{1ACA1F70-429A-497E-81D4-CF94F0AD87D3}.Debug|x86.Build.0 = Debug|Any CPU
		{1ACA1F70-429A-497E-81D4-CF94F0AD87D3}.Release|Any CPU.ActiveCfg = Release|Any CPU
		{1ACA1F70-429A-497E-81D4-CF94F0AD87D3}.Release|Any CPU.Build.0 = Release|Any CPU
		{1ACA1F70-429A-497E-81D4-CF94F0AD87D3}.Release|x64.ActiveCfg = Release|Any CPU
		{1ACA1F70-429A-497E-81D4-CF94F0AD87D3}.Release|x64.Build.0 = Release|Any CPU
		{1ACA1F70-429A-497E-81D4-CF94F0AD87D3}.Release|x86.ActiveCfg = Release|Any CPU
		{1ACA1F70-429A-497E-81D4-CF94F0AD87D3}.Release|x86.Build.0 = Release|Any CPU
		{2951E28E-68A1-4FFE-97AA-DE45A6645B0F}.Debug|Any CPU.ActiveCfg = Debug|Any CPU
		{2951E28E-68A1-4FFE-97AA-DE45A6645B0F}.Debug|Any CPU.Build.0 = Debug|Any CPU
		{2951E28E-68A1-4FFE-97AA-DE45A6645B0F}.Debug|x64.ActiveCfg = Debug|Any CPU
		{2951E28E-68A1-4FFE-97AA-DE45A6645B0F}.Debug|x64.Build.0 = Debug|Any CPU
		{2951E28E-68A1-4FFE-97AA-DE45A6645B0F}.Debug|x86.ActiveCfg = Debug|Any CPU
		{2951E28E-68A1-4FFE-97AA-DE45A6645B0F}.Debug|x86.Build.0 = Debug|Any CPU
		{2951E28E-68A1-4FFE-97AA-DE45A6645B0F}.Release|Any CPU.ActiveCfg = Release|Any CPU
		{2951E28E-68A1-4FFE-97AA-DE45A6645B0F}.Release|Any CPU.Build.0 = Release|Any CPU
		{2951E28E-68A1-4FFE-97AA-DE45A6645B0F}.Release|x64.ActiveCfg = Release|Any CPU
		{2951E28E-68A1-4FFE-97AA-DE45A6645B0F}.Release|x64.Build.0 = Release|Any CPU
		{2951E28E-68A1-4FFE-97AA-DE45A6645B0F}.Release|x86.ActiveCfg = Release|Any CPU
		{2951E28E-68A1-4FFE-97AA-DE45A6645B0F}.Release|x86.Build.0 = Release|Any CPU
		{057E0216-F1AC-423F-A85A-AA49525991E1}.Debug|Any CPU.ActiveCfg = Debug|Any CPU
		{057E0216-F1AC-423F-A85A-AA49525991E1}.Debug|Any CPU.Build.0 = Debug|Any CPU
		{057E0216-F1AC-423F-A85A-AA49525991E1}.Debug|x64.ActiveCfg = Debug|Any CPU
		{057E0216-F1AC-423F-A85A-AA49525991E1}.Debug|x64.Build.0 = Debug|Any CPU
		{057E0216-F1AC-423F-A85A-AA49525991E1}.Debug|x86.ActiveCfg = Debug|Any CPU
		{057E0216-F1AC-423F-A85A-AA49525991E1}.Debug|x86.Build.0 = Debug|Any CPU
		{057E0216-F1AC-423F-A85A-AA49525991E1}.Release|Any CPU.ActiveCfg = Release|Any CPU
		{057E0216-F1AC-423F-A85A-AA49525991E1}.Release|Any CPU.Build.0 = Release|Any CPU
		{057E0216-F1AC-423F-A85A-AA49525991E1}.Release|x64.ActiveCfg = Release|Any CPU
		{057E0216-F1AC-423F-A85A-AA49525991E1}.Release|x64.Build.0 = Release|Any CPU
		{057E0216-F1AC-423F-A85A-AA49525991E1}.Release|x86.ActiveCfg = Release|Any CPU
		{057E0216-F1AC-423F-A85A-AA49525991E1}.Release|x86.Build.0 = Release|Any CPU
		{2B9AD3BB-ECFB-4FA6-B1C2-5BF63F1BC41D}.Debug|Any CPU.ActiveCfg = Debug|Any CPU
		{2B9AD3BB-ECFB-4FA6-B1C2-5BF63F1BC41D}.Debug|Any CPU.Build.0 = Debug|Any CPU
		{2B9AD3BB-ECFB-4FA6-B1C2-5BF63F1BC41D}.Debug|x64.ActiveCfg = Debug|Any CPU
		{2B9AD3BB-ECFB-4FA6-B1C2-5BF63F1BC41D}.Debug|x64.Build.0 = Debug|Any CPU
		{2B9AD3BB-ECFB-4FA6-B1C2-5BF63F1BC41D}.Debug|x86.ActiveCfg = Debug|Any CPU
		{2B9AD3BB-ECFB-4FA6-B1C2-5BF63F1BC41D}.Debug|x86.Build.0 = Debug|Any CPU
		{2B9AD3BB-ECFB-4FA6-B1C2-5BF63F1BC41D}.Release|Any CPU.ActiveCfg = Release|Any CPU
		{2B9AD3BB-ECFB-4FA6-B1C2-5BF63F1BC41D}.Release|Any CPU.Build.0 = Release|Any CPU
		{2B9AD3BB-ECFB-4FA6-B1C2-5BF63F1BC41D}.Release|x64.ActiveCfg = Release|Any CPU
		{2B9AD3BB-ECFB-4FA6-B1C2-5BF63F1BC41D}.Release|x64.Build.0 = Release|Any CPU
		{2B9AD3BB-ECFB-4FA6-B1C2-5BF63F1BC41D}.Release|x86.ActiveCfg = Release|Any CPU
		{2B9AD3BB-ECFB-4FA6-B1C2-5BF63F1BC41D}.Release|x86.Build.0 = Release|Any CPU
		{8AC82D84-75ED-4FD7-BA5F-B47870696799}.Debug|Any CPU.ActiveCfg = Debug|Any CPU
		{8AC82D84-75ED-4FD7-BA5F-B47870696799}.Debug|Any CPU.Build.0 = Debug|Any CPU
		{8AC82D84-75ED-4FD7-BA5F-B47870696799}.Debug|x64.ActiveCfg = Debug|Any CPU
		{8AC82D84-75ED-4FD7-BA5F-B47870696799}.Debug|x64.Build.0 = Debug|Any CPU
		{8AC82D84-75ED-4FD7-BA5F-B47870696799}.Debug|x86.ActiveCfg = Debug|Any CPU
		{8AC82D84-75ED-4FD7-BA5F-B47870696799}.Debug|x86.Build.0 = Debug|Any CPU
		{8AC82D84-75ED-4FD7-BA5F-B47870696799}.Release|Any CPU.ActiveCfg = Release|Any CPU
		{8AC82D84-75ED-4FD7-BA5F-B47870696799}.Release|Any CPU.Build.0 = Release|Any CPU
		{8AC82D84-75ED-4FD7-BA5F-B47870696799}.Release|x64.ActiveCfg = Release|Any CPU
		{8AC82D84-75ED-4FD7-BA5F-B47870696799}.Release|x64.Build.0 = Release|Any CPU
		{8AC82D84-75ED-4FD7-BA5F-B47870696799}.Release|x86.ActiveCfg = Release|Any CPU
		{8AC82D84-75ED-4FD7-BA5F-B47870696799}.Release|x86.Build.0 = Release|Any CPU
		{1AAEC2A8-7481-4331-B77A-03599DE81772}.Debug|Any CPU.ActiveCfg = Debug|Any CPU
		{1AAEC2A8-7481-4331-B77A-03599DE81772}.Debug|Any CPU.Build.0 = Debug|Any CPU
		{1AAEC2A8-7481-4331-B77A-03599DE81772}.Debug|x64.ActiveCfg = Debug|Any CPU
		{1AAEC2A8-7481-4331-B77A-03599DE81772}.Debug|x64.Build.0 = Debug|Any CPU
		{1AAEC2A8-7481-4331-B77A-03599DE81772}.Debug|x86.ActiveCfg = Debug|Any CPU
		{1AAEC2A8-7481-4331-B77A-03599DE81772}.Debug|x86.Build.0 = Debug|Any CPU
		{1AAEC2A8-7481-4331-B77A-03599DE81772}.Release|Any CPU.ActiveCfg = Release|Any CPU
		{1AAEC2A8-7481-4331-B77A-03599DE81772}.Release|Any CPU.Build.0 = Release|Any CPU
		{1AAEC2A8-7481-4331-B77A-03599DE81772}.Release|x64.ActiveCfg = Release|Any CPU
		{1AAEC2A8-7481-4331-B77A-03599DE81772}.Release|x64.Build.0 = Release|Any CPU
		{1AAEC2A8-7481-4331-B77A-03599DE81772}.Release|x86.ActiveCfg = Release|Any CPU
		{1AAEC2A8-7481-4331-B77A-03599DE81772}.Release|x86.Build.0 = Release|Any CPU
	EndGlobalSection
	GlobalSection(SolutionProperties) = preSolution
		HideSolutionNode = FALSE
	EndGlobalSection
	GlobalSection(NestedProjects) = preSolution
		{414116E1-24DD-412D-8ECC-D91DD9408F31} = {36B6A040-9C91-11E9-B3AE-EB64DF0AAFF1}
		{36B6A040-9C91-11E9-B3AE-EB64DF0AAFF1} = {68EA3A2A-220D-4F5D-A06E-E042F2509E0C}
		{847756ED-6E3A-42D4-8994-C52292BCE4EE} = {36B6A040-9C91-11E9-B3AE-EB64DF0AAFF1}
		{31AEB6E1-E481-4361-A780-533AAFC99DBF} = {68EA3A2A-220D-4F5D-A06E-E042F2509E0C}
		{C891FF33-8BAD-46C9-BAC3-0FB6069AAA8F} = {31AEB6E1-E481-4361-A780-533AAFC99DBF}
		{B4398A86-A4AA-4FCA-8D7D-2DB30D66F918} = {31AEB6E1-E481-4361-A780-533AAFC99DBF}
		{68B0331B-BD41-4B80-A37A-AFB4128384E5} = {31AEB6E1-E481-4361-A780-533AAFC99DBF}
		{799BCE2E-0A93-41C4-A4E8-4F8F095E7010} = {68EA3A2A-220D-4F5D-A06E-E042F2509E0C}
		{1ACA1F70-429A-497E-81D4-CF94F0AD87D3} = {799BCE2E-0A93-41C4-A4E8-4F8F095E7010}
		{7F1401A7-320E-498B-BEB9-1730EDE4FA89} = {68EA3A2A-220D-4F5D-A06E-E042F2509E0C}
		{2951E28E-68A1-4FFE-97AA-DE45A6645B0F} = {31AEB6E1-E481-4361-A780-533AAFC99DBF}
		{057E0216-F1AC-423F-A85A-AA49525991E1} = {31AEB6E1-E481-4361-A780-533AAFC99DBF}
		{2B9AD3BB-ECFB-4FA6-B1C2-5BF63F1BC41D} = {7F1401A7-320E-498B-BEB9-1730EDE4FA89}
		{F2A8C2CD-9FF2-4334-AA58-56ED193AF454} = {68EA3A2A-220D-4F5D-A06E-E042F2509E0C}
		{8AC82D84-75ED-4FD7-BA5F-B47870696799} = {F2A8C2CD-9FF2-4334-AA58-56ED193AF454}
		{1AAEC2A8-7481-4331-B77A-03599DE81772} = {7F1401A7-320E-498B-BEB9-1730EDE4FA89}
	EndGlobalSection
	GlobalSection(ExtensibilityGlobals) = postSolution
		SolutionGuid = {198753DE-7299-40D6-987D-9D96468EF5E6}
	EndGlobalSection
EndGlobal
